
Microsoft Visual Studio Solution File, Format Version 12.00
# Visual Studio 15
VisualStudioVersion = 15.0.27428.2015
MinimumVisualStudioVersion = 10.0.40219.1
Project("{FAE04EC0-301F-11D3-BF4B-00C04F79EFBC}") = "UserList", "UserList\UserList.csproj", "{FC26CE19-6CD9-4D6C-B56E-444DC0430101}"
EndProject
Global
	GlobalSection(SolutionConfigurationPlatforms) = preSolution
		Debug|Any CPU = Debug|Any CPU
		Release|Any CPU = Release|Any CPU
	EndGlobalSection
	GlobalSection(ProjectConfigurationPlatforms) = postSolution
		{FC26CE19-6CD9-4D6C-B56E-444DC0430101}.Debug|Any CPU.ActiveCfg = Debug|Any CPU
		{FC26CE19-6CD9-4D6C-B56E-444DC0430101}.Debug|Any CPU.Build.0 = Debug|Any CPU
		{FC26CE19-6CD9-4D6C-B56E-444DC0430101}.Release|Any CPU.ActiveCfg = Release|Any CPU
		{FC26CE19-6CD9-4D6C-B56E-444DC0430101}.Release|Any CPU.Build.0 = Release|Any CPU
	EndGlobalSection
	GlobalSection(SolutionProperties) = preSolution
		HideSolutionNode = FALSE
	EndGlobalSection
	GlobalSection(ExtensibilityGlobals) = postSolution
		SolutionGuid = {E667EF82-8137-41B3-A7F1-37963028DF67}
	EndGlobalSection
EndGlobal
